
Microsoft Visual Studio Solution File, Format Version 12.00
# Visual Studio 15
VisualStudioVersion = 15.0.28307.136
MinimumVisualStudioVersion = 10.0.40219.1
Project("{FAE04EC0-301F-11D3-BF4B-00C04F79EFBC}") = "Books", "Books\Books.csproj", "{F8486BBB-4435-4CE0-B3B7-04913CB9F1E0}"
EndProject
Global
	GlobalSection(SolutionConfigurationPlatforms) = preSolution
		Debug|Any CPU = Debug|Any CPU
		Release|Any CPU = Release|Any CPU
	EndGlobalSection
	GlobalSection(ProjectConfigurationPlatforms) = postSolution
		{F8486BBB-4435-4CE0-B3B7-04913CB9F1E0}.Debug|Any CPU.ActiveCfg = Debug|Any CPU
		{F8486BBB-4435-4CE0-B3B7-04913CB9F1E0}.Debug|Any CPU.Build.0 = Debug|Any CPU
		{F8486BBB-4435-4CE0-B3B7-04913CB9F1E0}.Release|Any CPU.ActiveCfg = Release|Any CPU
		{F8486BBB-4435-4CE0-B3B7-04913CB9F1E0}.Release|Any CPU.Build.0 = Release|Any CPU
	EndGlobalSection
	GlobalSection(SolutionProperties) = preSolution
		HideSolutionNode = FALSE
	EndGlobalSection
	GlobalSection(ExtensibilityGlobals) = postSolution
		SolutionGuid = {06213CF6-F3E2-4C54-A4EF-4577B1132313}
	EndGlobalSection
EndGlobal
